{
  "name": "speedpigeoncncom_crawler",
  "version": "0.0.0",
  "lockfileVersion": 1,
  "requires": true,
  "dependencies": {
    "accepts": {
      "version": "https://registry.npm.taobao.org/accepts/download/accepts-1.3.5.tgz",
      "integrity": "sha1-63d99gEXI6OxTopywIBcjoZ0a9I=",
      "requires": {
        "mime-types": "https://registry.npm.taobao.org/mime-types/download/mime-types-2.1.19.tgz",
        "negotiator": "https://registry.npm.taobao.org/negotiator/download/negotiator-0.6.1.tgz"
      }
    },
    "array-flatten": {
      "version": "https://registry.npm.taobao.org/array-flatten/download/array-flatten-1.1.1.tgz",
      "integrity": "sha1-ml9pkFGx5wczKPKgCJaLZOopVdI="
    },
    "async": {
      "version": "https://registry.npm.taobao.org/async/download/async-0.9.2.tgz",
      "integrity": "sha1-rqdNXmHB+JlhO/ZL2mbUx48v0X0="
    },
    "better-js-class": {
      "version": "https://registry.npm.taobao.org/better-js-class/download/better-js-class-0.1.3.tgz",
      "integrity": "sha1-dY3RdGKzcZ4c+gDMZHoM+ZS6b5Q="
    },
    "bignumber.js": {
      "version": "https://registry.npm.taobao.org/bignumber.js/download/bignumber.js-4.1.0.tgz",
      "integrity": "sha1-228UBnwUC9RmJIFaeRbJLZtsJLE="
    },
    "body-parser": {
      "version": "https://registry.npm.taobao.org/body-parser/download/body-parser-1.18.2.tgz",
      "integrity": "sha1-h2eKGdhLR9hZuDGZvVm84iKxBFQ=",
      "requires": {
        "bytes": "https://registry.npm.taobao.org/bytes/download/bytes-3.0.0.tgz",
        "content-type": "https://registry.npm.taobao.org/content-type/download/content-type-1.0.4.tgz",
        "debug": "https://registry.npm.taobao.org/debug/download/debug-2.6.9.tgz",
        "depd": "https://registry.npm.taobao.org/depd/download/depd-1.1.2.tgz",
        "http-errors": "https://registry.npm.taobao.org/http-errors/download/http-errors-1.6.3.tgz",
        "iconv-lite": "https://registry.npm.taobao.org/iconv-lite/download/iconv-lite-0.4.19.tgz",
        "on-finished": "https://registry.npm.taobao.org/on-finished/download/on-finished-2.3.0.tgz",
        "qs": "https://registry.npm.taobao.org/qs/download/qs-6.5.1.tgz",
        "raw-body": "https://registry.npm.taobao.org/raw-body/download/raw-body-2.3.2.tgz",
        "type-is": "https://registry.npm.taobao.org/type-is/download/type-is-1.6.16.tgz"
      }
    },
    "bytes": {
      "version": "https://registry.npm.taobao.org/bytes/download/bytes-3.0.0.tgz",
      "integrity": "sha1-0ygVQE1olpn4Wk6k+odV3ROpYEg="
    },
    "cheerio": {
      "version": "https://registry.npm.taobao.org/cheerio/download/cheerio-0.17.0.tgz",
      "integrity": "sha1-+lrkLMYBIRM9KW0LRtmDIV9yaOo=",
      "requires": {
        "CSSselect": "https://registry.npm.taobao.org/CSSselect/download/CSSselect-0.4.1.tgz",
        "dom-serializer": "https://registry.npm.taobao.org/dom-serializer/download/dom-serializer-0.0.1.tgz",
        "entities": "https://registry.npm.taobao.org/entities/download/entities-1.1.1.tgz",
        "htmlparser2": "https://registry.npm.taobao.org/htmlparser2/download/htmlparser2-3.7.3.tgz",
        "lodash": "https://registry.npm.taobao.org/lodash/download/lodash-2.4.2.tgz"
      }
    },
    "combined-stream": {
      "version": "https://registry.npm.taobao.org/combined-stream/download/combined-stream-0.0.7.tgz",
      "integrity": "sha1-ATfmV7qlp1QcV6w3rF/AfXO03B8=",
      "requires": {
        "delayed-stream": "https://registry.npm.taobao.org/delayed-stream/download/delayed-stream-0.0.5.tgz"
      }
    },
    "component-emitter": {
      "version": "https://registry.npm.taobao.org/component-emitter/download/component-emitter-1.1.2.tgz",
      "integrity": "sha1-KWWU8nU9qmOZbSrwjRWpURbJrsM="
    },
    "content-disposition": {
      "version": "https://registry.npm.taobao.org/content-disposition/download/content-disposition-0.5.2.tgz",
      "integrity": "sha1-DPaLud318r55YcOoUXjLhdunjLQ="
    },
    "content-type": {
      "version": "https://registry.npm.taobao.org/content-type/download/content-type-1.0.4.tgz",
      "integrity": "sha1-4TjMdeBAxyexlm/l5fjJruJW/js="
    },
    "cookie": {
      "version": "https://registry.npm.taobao.org/cookie/download/cookie-0.3.1.tgz",
      "integrity": "sha1-5+Ch+e9DtMi6klxcWpboBtFoc7s="
    },
    "cookie-signature": {
      "version": "https://registry.npm.taobao.org/cookie-signature/download/cookie-signature-1.0.6.tgz",
      "integrity": "sha1-4wOogrNCzD7oylE6eZmXNNqzriw="
    },
    "cookiejar": {
      "version": "https://registry.npm.taobao.org/cookiejar/download/cookiejar-2.0.1.tgz",
      "integrity": "sha1-PRJ1L2rfaKiS8zJDNJK9WBK7Zo8="
    },
    "core-util-is": {
      "version": "https://registry.npm.taobao.org/core-util-is/download/core-util-is-1.0.2.tgz",
      "integrity": "sha1-tf1UIgqivFq1eqtxQMlAdUUDwac="
    },
    "cps": {
      "version": "https://registry.npm.taobao.org/cps/download/cps-1.0.2.tgz",
      "integrity": "sha1-LNCyXYDxCQljfghWrZumNM4E/x0="
    },
    "cron-parser": {
      "version": "https://registry.npm.taobao.org/cron-parser/download/cron-parser-2.5.0.tgz",
      "integrity": "sha1-7BOFo6qMY2JCVnic4uz6M4OEZ2o=",
      "requires": {
        "is-nan": "https://registry.npm.taobao.org/is-nan/download/is-nan-1.2.1.tgz",
        "moment-timezone": "https://registry.npm.taobao.org/moment-timezone/download/moment-timezone-0.5.21.tgz"
      }
    },
    "crypto-random-string": {
      "version": "https://registry.npm.taobao.org/crypto-random-string/download/crypto-random-string-1.0.0.tgz",
      "integrity": "sha1-ojD2T1aDEOFJgAmUB5DsmVRbyn4="
    },
    "CSSselect": {
      "version": "https://registry.npm.taobao.org/CSSselect/download/CSSselect-0.4.1.tgz",
      "integrity": "sha1-+Kt+H4QYzmPNput713ioXX7EkrI=",
      "requires": {
        "CSSwhat": "https://registry.npm.taobao.org/CSSwhat/download/CSSwhat-0.4.7.tgz",
        "domutils": "https://registry.npm.taobao.org/domutils/download/domutils-1.4.3.tgz"
      }
    },
    "CSSwhat": {
      "version": "https://registry.npm.taobao.org/CSSwhat/download/CSSwhat-0.4.7.tgz",
      "integrity": "sha1-hn2g/zn3eGEyQsRM/qg/CqTr35s="
    },
    "debug": {
      "version": "https://registry.npm.taobao.org/debug/download/debug-2.6.9.tgz",
      "integrity": "sha1-XRKFFd8TT/Mn6QpMk/Tgd6U2NB8=",
      "requires": {
        "ms": "https://registry.npm.taobao.org/ms/download/ms-2.0.0.tgz"
      }
    },
    "define-properties": {
      "version": "https://registry.npm.taobao.org/define-properties/download/define-properties-1.1.3.tgz",
      "integrity": "sha1-z4jabL7ib+bbcJT2HYcMvYTO6fE=",
      "requires": {
        "object-keys": "https://registry.npm.taobao.org/object-keys/download/object-keys-1.0.12.tgz"
      }
    },
    "delayed-stream": {
      "version": "https://registry.npm.taobao.org/delayed-stream/download/delayed-stream-0.0.5.tgz",
      "integrity": "sha1-1LH0OpPoKW3+AmlPRoC8N6MTxz8="
    },
    "depd": {
      "version": "https://registry.npm.taobao.org/depd/download/depd-1.1.2.tgz",
      "integrity": "sha1-m81S4UwJd2PnSbJ0xDRu0uVgtak="
    },
    "destroy": {
      "version": "https://registry.npm.taobao.org/destroy/download/destroy-1.0.4.tgz",
      "integrity": "sha1-l4hXRCxEdJ5CBmE+N5RiBYJqvYA="
    },
    "dom-serializer": {
      "version": "https://registry.npm.taobao.org/dom-serializer/download/dom-serializer-0.0.1.tgz",
      "integrity": "sha1-lYmCfx4y0iw3yCmtq9WbMkevjq8=",
      "requires": {
        "domelementtype": "https://registry.npm.taobao.org/domelementtype/download/domelementtype-1.1.3.tgz",
        "entities": "https://registry.npm.taobao.org/entities/download/entities-1.1.1.tgz"
      },
      "dependencies": {
        "domelementtype": {
          "version": "https://registry.npm.taobao.org/domelementtype/download/domelementtype-1.1.3.tgz",
          "integrity": "sha1-vSh3PiZCiBrsUVRJJCmcXNgiGFs="
        }
      }
    },
    "domelementtype": {
      "version": "https://registry.npm.taobao.org/domelementtype/download/domelementtype-1.3.0.tgz",
      "integrity": "sha1-sXrtguirWeUt2cGbF1bg/BhyBMI="
    },
    "domhandler": {
      "version": "https://registry.npm.taobao.org/domhandler/download/domhandler-2.2.1.tgz",
      "integrity": "sha1-Wd+dzSJ+gIs2Wuc+H2aErD2Ub8I=",
      "requires": {
        "domelementtype": "https://registry.npm.taobao.org/domelementtype/download/domelementtype-1.3.0.tgz"
      }
    },
    "domutils": {
      "version": "https://registry.npm.taobao.org/domutils/download/domutils-1.4.3.tgz",
      "integrity": "sha1-CGVRN5bGswYDGFDhdVFrr4C3Km8=",
      "requires": {
        "domelementtype": "https://registry.npm.taobao.org/domelementtype/download/domelementtype-1.3.0.tgz"
      }
    },
    "ee-first": {
      "version": "https://registry.npm.taobao.org/ee-first/download/ee-first-1.1.1.tgz",
      "integrity": "sha1-WQxhFWsK4vTwJVcyoViyZrxWsh0="
    },
    "encodeurl": {
      "version": "https://registry.npm.taobao.org/encodeurl/download/encodeurl-1.0.2.tgz",
      "integrity": "sha1-rT/0yG7C0CkyL1oCw6mmBslbP1k="
    },
    "entities": {
      "version": "https://registry.npm.taobao.org/entities/download/entities-1.1.1.tgz",
      "integrity": "sha1-blwtClYhtdra7O+AuQ7ftc13cvA="
    },
    "escape-html": {
      "version": "https://registry.npm.taobao.org/escape-html/download/escape-html-1.0.3.tgz",
      "integrity": "sha1-Aljq5NPQwJdN4cFpGI7wBR0dGYg="
    },
    "etag": {
      "version": "https://registry.npm.taobao.org/etag/download/etag-1.8.1.tgz",
      "integrity": "sha1-Qa4u62XvpiJorr/qg6x9eSmbCIc="
    },
    "express": {
      "version": "https://registry.npm.taobao.org/express/download/express-4.16.3.tgz",
      "integrity": "sha1-avilAjUNsyRuzEvs9rWjTSL37VM=",
      "requires": {
        "accepts": "https://registry.npm.taobao.org/accepts/download/accepts-1.3.5.tgz",
        "array-flatten": "https://registry.npm.taobao.org/array-flatten/download/array-flatten-1.1.1.tgz",
        "body-parser": "https://registry.npm.taobao.org/body-parser/download/body-parser-1.18.2.tgz",
        "content-disposition": "https://registry.npm.taobao.org/content-disposition/download/content-disposition-0.5.2.tgz",
        "content-type": "https://registry.npm.taobao.org/content-type/download/content-type-1.0.4.tgz",
        "cookie": "https://registry.npm.taobao.org/cookie/download/cookie-0.3.1.tgz",
        "cookie-signature": "https://registry.npm.taobao.org/cookie-signature/download/cookie-signature-1.0.6.tgz",
        "debug": "https://registry.npm.taobao.org/debug/download/debug-2.6.9.tgz",
        "depd": "https://registry.npm.taobao.org/depd/download/depd-1.1.2.tgz",
        "encodeurl": "https://registry.npm.taobao.org/encodeurl/download/encodeurl-1.0.2.tgz",
        "escape-html": "https://registry.npm.taobao.org/escape-html/download/escape-html-1.0.3.tgz",
        "etag": "https://registry.npm.taobao.org/etag/download/etag-1.8.1.tgz",
        "finalhandler": "https://registry.npm.taobao.org/finalhandler/download/finalhandler-1.1.1.tgz",
        "fresh": "https://registry.npm.taobao.org/fresh/download/fresh-0.5.2.tgz",
        "merge-descriptors": "https://registry.npm.taobao.org/merge-descriptors/download/merge-descriptors-1.0.1.tgz",
        "methods": "https://registry.npm.taobao.org/methods/download/methods-1.1.2.tgz",
        "on-finished": "https://registry.npm.taobao.org/on-finished/download/on-finished-2.3.0.tgz",
        "parseurl": "https://registry.npm.taobao.org/parseurl/download/parseurl-1.3.2.tgz",
        "path-to-regexp": "https://registry.npm.taobao.org/path-to-regexp/download/path-to-regexp-0.1.7.tgz",
        "proxy-addr": "https://registry.npm.taobao.org/proxy-addr/download/proxy-addr-2.0.4.tgz",
        "qs": "https://registry.npm.taobao.org/qs/download/qs-6.5.1.tgz",
        "range-parser": "https://registry.npm.taobao.org/range-parser/download/range-parser-1.2.0.tgz",
        "safe-buffer": "https://registry.npm.taobao.org/safe-buffer/download/safe-buffer-5.1.1.tgz",
        "send": "https://registry.npm.taobao.org/send/download/send-0.16.2.tgz",
        "serve-static": "https://registry.npm.taobao.org/serve-static/download/serve-static-1.13.2.tgz",
        "setprototypeof": "https://registry.npm.taobao.org/setprototypeof/download/setprototypeof-1.1.0.tgz",
        "statuses": "https://registry.npm.taobao.org/statuses/download/statuses-1.4.0.tgz",
        "type-is": "https://registry.npm.taobao.org/type-is/download/type-is-1.6.16.tgz",
        "utils-merge": "https://registry.npm.taobao.org/utils-merge/download/utils-merge-1.0.1.tgz",
        "vary": "https://registry.npm.taobao.org/vary/download/vary-1.1.2.tgz"
      }
    },
    "extend": {
      "version": "https://registry.npm.taobao.org/extend/download/extend-1.2.1.tgz",
      "integrity": "sha1-oPX9bPyDpf5J72mNYOyKYk3UV2w="
    },
    "finalhandler": {
      "version": "https://registry.npm.taobao.org/finalhandler/download/finalhandler-1.1.1.tgz",
      "integrity": "sha1-7r9O2EAHnIP0JJA4ydcDAIMBsQU=",
      "requires": {
        "debug": "https://registry.npm.taobao.org/debug/download/debug-2.6.9.tgz",
        "encodeurl": "https://registry.npm.taobao.org/encodeurl/download/encodeurl-1.0.2.tgz",
        "escape-html": "https://registry.npm.taobao.org/escape-html/download/escape-html-1.0.3.tgz",
        "on-finished": "https://registry.npm.taobao.org/on-finished/download/on-finished-2.3.0.tgz",
        "parseurl": "https://registry.npm.taobao.org/parseurl/download/parseurl-1.3.2.tgz",
        "statuses": "https://registry.npm.taobao.org/statuses/download/statuses-1.4.0.tgz",
        "unpipe": "https://registry.npm.taobao.org/unpipe/download/unpipe-1.0.0.tgz"
      }
    },
    "form-data": {
      "version": "https://registry.npm.taobao.org/form-data/download/form-data-0.1.3.tgz",
      "integrity": "sha1-TuQ0bm61Ni6DRKAgdb2NvYxzc+o=",
      "requires": {
        "async": "https://registry.npm.taobao.org/async/download/async-0.9.2.tgz",
        "combined-stream": "https://registry.npm.taobao.org/combined-stream/download/combined-stream-0.0.7.tgz",
        "mime": "https://registry.npm.taobao.org/mime/download/mime-1.2.11.tgz"
      },
      "dependencies": {
        "mime": {
          "version": "https://registry.npm.taobao.org/mime/download/mime-1.2.11.tgz",
          "integrity": "sha1-WCA+7Ybjpe8XrtK32evUfwpg3RA="
        }
      }
    },
    "formidable": {
      "version": "https://registry.npm.taobao.org/formidable/download/formidable-1.0.14.tgz",
      "integrity": "sha1-Kz9MQRy7X91pXESEPiojUUpDIxo="
    },
    "forwarded": {
      "version": "https://registry.npm.taobao.org/forwarded/download/forwarded-0.1.2.tgz",
      "integrity": "sha1-mMI9qxF1ZXuMBXPozszZGw/xjIQ="
    },
    "fresh": {
      "version": "https://registry.npm.taobao.org/fresh/download/fresh-0.5.2.tgz",
      "integrity": "sha1-PYyt2Q2XZWn6g1qx+OSyOhBWBac="
    },
    "htmlparser2": {
      "version": "https://registry.npm.taobao.org/htmlparser2/download/htmlparser2-3.7.3.tgz",
      "integrity": "sha1-amTHdjfAjG8w7CqBV6UzM758sF4=",
      "requires": {
        "domelementtype": "https://registry.npm.taobao.org/domelementtype/download/domelementtype-1.3.0.tgz",
        "domhandler": "https://registry.npm.taobao.org/domhandler/download/domhandler-2.2.1.tgz",
        "domutils": "https://registry.npm.taobao.org/domutils/download/domutils-1.5.1.tgz",
        "entities": "https://registry.npm.taobao.org/entities/download/entities-1.0.0.tgz",
        "readable-stream": "https://registry.npm.taobao.org/readable-stream/download/readable-stream-1.1.14.tgz"
      },
      "dependencies": {
        "domutils": {
          "version": "https://registry.npm.taobao.org/domutils/download/domutils-1.5.1.tgz",
          "integrity": "sha1-3NhIiib1Y9YQeeSMn3t+Mjc2gs8=",
          "requires": {
            "dom-serializer": "https://registry.npm.taobao.org/dom-serializer/download/dom-serializer-0.0.1.tgz",
            "domelementtype": "https://registry.npm.taobao.org/domelementtype/download/domelementtype-1.3.0.tgz"
          }
        },
        "entities": {
          "version": "https://registry.npm.taobao.org/entities/download/entities-1.0.0.tgz",
          "integrity": "sha1-sph6o4ITR/zeZCsk/fyeT7cSvyY="
        }
      }
    },
    "http-errors": {
      "version": "https://registry.npm.taobao.org/http-errors/download/http-errors-1.6.3.tgz",
      "integrity": "sha1-i1VoC7S+KDoLW/TqLjhYC+HZMg0=",
      "requires": {
        "depd": "https://registry.npm.taobao.org/depd/download/depd-1.1.2.tgz",
        "inherits": "https://registry.npm.taobao.org/inherits/download/inherits-2.0.3.tgz",
        "setprototypeof": "https://registry.npm.taobao.org/setprototypeof/download/setprototypeof-1.1.0.tgz",
        "statuses": "https://registry.npm.taobao.org/statuses/download/statuses-1.4.0.tgz"
      }
    },
    "iconv-lite": {
      "version": "https://registry.npm.taobao.org/iconv-lite/download/iconv-lite-0.4.19.tgz",
      "integrity": "sha1-90aPYBNfXl2tM5nAqBvpoWA6CCs="
    },
    "inherits": {
      "version": "https://registry.npm.taobao.org/inherits/download/inherits-2.0.3.tgz",
      "integrity": "sha1-Yzwsg+PaQqUC9SRmAiSA9CCCYd4="
    },
    "ipaddr.js": {
      "version": "https://registry.npm.taobao.org/ipaddr.js/download/ipaddr.js-1.8.0.tgz",
      "integrity": "sha1-6qM9bd16zo9/b+DJygRA5wZzix4="
    },
    "is-nan": {
      "version": "https://registry.npm.taobao.org/is-nan/download/is-nan-1.2.1.tgz",
      "integrity": "sha1-n69ltvttskt/XAYoR16nH5iEAeI=",
      "requires": {
        "define-properties": "https://registry.npm.taobao.org/define-properties/download/define-properties-1.1.3.tgz"
      }
    },
    "isarray": {
      "version": "https://registry.npm.taobao.org/isarray/download/isarray-0.0.1.tgz",
      "integrity": "sha1-ihis/Kmo9Bd+Cav8YDiTmwXR7t8="
    },
    "lodash": {
      "version": "https://registry.npm.taobao.org/lodash/download/lodash-2.4.2.tgz",
      "integrity": "sha1-+t2DS5aDBz2hebPq5tnA0VBT9z4="
    },
    "long-timeout": {
      "version": "https://registry.npm.taobao.org/long-timeout/download/long-timeout-0.1.1.tgz",
      "integrity": "sha1-lyHXiLR+C8taJMLivuGg2lXatRQ="
    },
    "media-typer": {
      "version": "https://registry.npm.taobao.org/media-typer/download/media-typer-0.3.0.tgz",
      "integrity": "sha1-hxDXrwqmJvj/+hzgAWhUUmMlV0g="
    },
    "merge-descriptors": {
      "version": "https://registry.npm.taobao.org/merge-descriptors/download/merge-descriptors-1.0.1.tgz",
      "integrity": "sha1-sAqqVW3YtEVoFQ7J0blT8/kMu2E="
    },
    "methods": {
      "version": "https://registry.npm.taobao.org/methods/download/methods-1.1.2.tgz",
      "integrity": "sha1-VSmk1nZUE07cxSZmVoNbD4Ua/O4="
    },
    "mime": {
      "version": "https://registry.npm.taobao.org/mime/download/mime-1.4.1.tgz",
      "integrity": "sha1-Eh+evEnjdm8xGnbh+hyAA8SwOqY="
    },
    "mime-db": {
      "version": "https://registry.npm.taobao.org/mime-db/download/mime-db-1.35.0.tgz",
      "integrity": "sha1-BWnWV0ZkkSg3CWY603mpm5DZq0c="
    },
    "mime-types": {
      "version": "https://registry.npm.taobao.org/mime-types/download/mime-types-2.1.19.tgz",
      "integrity": "sha1-ceRkU3p++BwV8tudl+kT/A/2BvA=",
      "requires": {
        "mime-db": "https://registry.npm.taobao.org/mime-db/download/mime-db-1.35.0.tgz"
      }
    },
    "moment": {
      "version": "https://registry.npm.taobao.org/moment/download/moment-2.22.2.tgz",
      "integrity": "sha1-PCV/mDn8DpP/UxSWMiOeuQeD/2Y="
    },
    "moment-timezone": {
      "version": "https://registry.npm.taobao.org/moment-timezone/download/moment-timezone-0.5.21.tgz",
      "integrity": "sha1-PLokfYRJIXTb9x3iqYSPoTIHuEU=",
      "requires": {
        "moment": "https://registry.npm.taobao.org/moment/download/moment-2.22.2.tgz"
      }
    },
    "ms": {
      "version": "https://registry.npm.taobao.org/ms/download/ms-2.0.0.tgz",
      "integrity": "sha1-VgiurfwAvmwpAd9fmGF4jeDVl8g="
    },
    "mysql": {
      "version": "https://registry.npm.taobao.org/mysql/download/mysql-2.16.0.tgz",
      "integrity": "sha1-sjsiq13kT8LV0yvU9a9mU/xF4ro=",
      "requires": {
        "bignumber.js": "https://registry.npm.taobao.org/bignumber.js/download/bignumber.js-4.1.0.tgz",
        "readable-stream": "https://registry.npm.taobao.org/readable-stream/download/readable-stream-2.3.6.tgz",
        "safe-buffer": "https://registry.npm.taobao.org/safe-buffer/download/safe-buffer-5.1.2.tgz",
        "sqlstring": "https://registry.npm.taobao.org/sqlstring/download/sqlstring-2.3.1.tgz"
      },
      "dependencies": {
        "isarray": {
          "version": "https://registry.npm.taobao.org/isarray/download/isarray-1.0.0.tgz",
          "integrity": "sha1-u5NdSFgsuhaMBoNJV6VKPgcSTxE="
        },
        "readable-stream": {
          "version": "https://registry.npm.taobao.org/readable-stream/download/readable-stream-2.3.6.tgz",
          "integrity": "sha1-sRwn2IuP8fvgcGQ8+UsMea4bCq8=",
          "requires": {
            "core-util-is": "https://registry.npm.taobao.org/core-util-is/download/core-util-is-1.0.2.tgz",
            "inherits": "https://registry.npm.taobao.org/inherits/download/inherits-2.0.3.tgz",
            "isarray": "https://registry.npm.taobao.org/isarray/download/isarray-1.0.0.tgz",
            "process-nextick-args": "https://registry.npm.taobao.org/process-nextick-args/download/process-nextick-args-2.0.0.tgz",
            "safe-buffer": "https://registry.npm.taobao.org/safe-buffer/download/safe-buffer-5.1.2.tgz",
            "string_decoder": "https://registry.npm.taobao.org/string_decoder/download/string_decoder-1.1.1.tgz",
            "util-deprecate": "https://registry.npm.taobao.org/util-deprecate/download/util-deprecate-1.0.2.tgz"
          }
        },
        "safe-buffer": {
          "version": "https://registry.npm.taobao.org/safe-buffer/download/safe-buffer-5.1.2.tgz",
          "integrity": "sha1-mR7GnSluAxN0fVm9/St0XDX4go0="
        },
        "string_decoder": {
          "version": "https://registry.npm.taobao.org/string_decoder/download/string_decoder-1.1.1.tgz",
          "integrity": "sha1-nPFhG6YmhdcDCunkujQUnDrwP8g=",
          "requires": {
            "safe-buffer": "https://registry.npm.taobao.org/safe-buffer/download/safe-buffer-5.1.2.tgz"
          }
        }
      }
    },
    "negotiator": {
      "version": "https://registry.npm.taobao.org/negotiator/download/negotiator-0.6.1.tgz",
      "integrity": "sha1-KzJxhOiZIQEXeyhWP7XnECrNDKk="
    },
    "node-mysql": {
      "version": "https://registry.npm.taobao.org/node-mysql/download/node-mysql-0.4.2.tgz",
      "integrity": "sha1-waMJSyeVIb72Z8M8oGphcSDaBtY=",
      "requires": {
        "better-js-class": "https://registry.npm.taobao.org/better-js-class/download/better-js-class-0.1.3.tgz",
        "cps": "https://registry.npm.taobao.org/cps/download/cps-1.0.2.tgz",
        "mysql": "https://registry.npm.taobao.org/mysql/download/mysql-2.16.0.tgz",
        "underscore": "https://registry.npm.taobao.org/underscore/download/underscore-1.9.1.tgz"
      }
    },
    "node-schedule": {
      "version": "https://registry.npm.taobao.org/node-schedule/download/node-schedule-1.3.0.tgz",
      "integrity": "sha1-56foFqfyVQ1bFwvRBudl2yi98DA=",
      "requires": {
        "cron-parser": "https://registry.npm.taobao.org/cron-parser/download/cron-parser-2.5.0.tgz",
        "long-timeout": "https://registry.npm.taobao.org/long-timeout/download/long-timeout-0.1.1.tgz",
        "sorted-array-functions": "https://registry.npm.taobao.org/sorted-array-functions/download/sorted-array-functions-1.2.0.tgz"
      }
    },
    "object-keys": {
      "version": "https://registry.npm.taobao.org/object-keys/download/object-keys-1.0.12.tgz",
      "integrity": "sha1-CcU4VTd1dTEMymL1W7M0q/97PtI="
    },
    "on-finished": {
      "version": "https://registry.npm.taobao.org/on-finished/download/on-finished-2.3.0.tgz",
      "integrity": "sha1-IPEzZIGwg811M3mSoWlxqi2QaUc=",
      "requires": {
        "ee-first": "https://registry.npm.taobao.org/ee-first/download/ee-first-1.1.1.tgz"
      }
    },
    "parseurl": {
      "version": "https://registry.npm.taobao.org/parseurl/download/parseurl-1.3.2.tgz",
      "integrity": "sha1-/CidTtiZMRlGDBViUyYs3I3mW/M="
    },
    "path-to-regexp": {
      "version": "https://registry.npm.taobao.org/path-to-regexp/download/path-to-regexp-0.1.7.tgz",
      "integrity": "sha1-32BBeABfUi8V60SQ5yR6G/qmf4w="
    },
    "process-nextick-args": {
      "version": "https://registry.npm.taobao.org/process-nextick-args/download/process-nextick-args-2.0.0.tgz",
      "integrity": "sha1-o31zL0JxtKsa0HDTVQjoKQeI/6o="
    },
    "proxy-addr": {
      "version": "https://registry.npm.taobao.org/proxy-addr/download/proxy-addr-2.0.4.tgz",
      "integrity": "sha1-7PxzO/Iv+Mb0B/onUye5q2fki5M=",
      "requires": {
        "forwarded": "https://registry.npm.taobao.org/forwarded/download/forwarded-0.1.2.tgz",
        "ipaddr.js": "https://registry.npm.taobao.org/ipaddr.js/download/ipaddr.js-1.8.0.tgz"
      }
    },
    "qs": {
      "version": "https://registry.npm.taobao.org/qs/download/qs-6.5.1.tgz",
      "integrity": "sha1-NJzfbu+J7EXBLX1es/wMhwNDptg="
    },
    "range-parser": {
      "version": "https://registry.npm.taobao.org/range-parser/download/range-parser-1.2.0.tgz",
      "integrity": "sha1-9JvmtIeJTdxA3MlKMi9hEJLgDV4="
    },
    "raw-body": {
      "version": "https://registry.npm.taobao.org/raw-body/download/raw-body-2.3.2.tgz",
      "integrity": "sha1-vNYMd9Prk83gBQKVw/N5OJvIj4k=",
      "requires": {
        "bytes": "https://registry.npm.taobao.org/bytes/download/bytes-3.0.0.tgz",
        "http-errors": "https://registry.npm.taobao.org/http-errors/download/http-errors-1.6.2.tgz",
        "iconv-lite": "https://registry.npm.taobao.org/iconv-lite/download/iconv-lite-0.4.19.tgz",
        "unpipe": "https://registry.npm.taobao.org/unpipe/download/unpipe-1.0.0.tgz"
      },
      "dependencies": {
        "depd": {
          "version": "https://registry.npm.taobao.org/depd/download/depd-1.1.1.tgz",
          "integrity": "sha1-V4O04cRZ8G+lyif5kfPQbnoxA1k="
        },
        "http-errors": {
          "version": "https://registry.npm.taobao.org/http-errors/download/http-errors-1.6.2.tgz",
          "integrity": "sha1-CgAsyFcHGSp+eUbO7cERVfYOxzY=",
          "requires": {
            "depd": "https://registry.npm.taobao.org/depd/download/depd-1.1.1.tgz",
            "inherits": "https://registry.npm.taobao.org/inherits/download/inherits-2.0.3.tgz",
            "setprototypeof": "https://registry.npm.taobao.org/setprototypeof/download/setprototypeof-1.0.3.tgz",
            "statuses": "https://registry.npm.taobao.org/statuses/download/statuses-1.4.0.tgz"
          }
        },
        "setprototypeof": {
          "version": "https://registry.npm.taobao.org/setprototypeof/download/setprototypeof-1.0.3.tgz",
          "integrity": "sha1-ZlZ+NwQ+608E2RvWWMDL77VbjgQ="
        }
      }
    },
    "readable-stream": {
      "version": "https://registry.npm.taobao.org/readable-stream/download/readable-stream-1.1.14.tgz",
      "integrity": "sha1-fPTFTvZI44EwhMY23SB54WbAgdk=",
      "requires": {
        "core-util-is": "https://registry.npm.taobao.org/core-util-is/download/core-util-is-1.0.2.tgz",
        "inherits": "https://registry.npm.taobao.org/inherits/download/inherits-2.0.3.tgz",
        "isarray": "https://registry.npm.taobao.org/isarray/download/isarray-0.0.1.tgz",
        "string_decoder": "https://registry.npm.taobao.org/string_decoder/download/string_decoder-0.10.31.tgz"
      }
    },
    "reduce-component": {
      "version": "https://registry.npm.taobao.org/reduce-component/download/reduce-component-1.0.1.tgz",
      "integrity": "sha1-4Mk1QsV0UhvqE98PlIjtgqt3xdo="
    },
    "safe-buffer": {
      "version": "https://registry.npm.taobao.org/safe-buffer/download/safe-buffer-5.1.1.tgz",
      "integrity": "sha1-iTMSr2myEj3vcfV4iQAWce6yyFM="
    },
    "send": {
      "version": "https://registry.npm.taobao.org/send/download/send-0.16.2.tgz",
      "integrity": "sha1-bsyh4PjBVtFBWXVZhI32RzCmu8E=",
      "requires": {
        "debug": "https://registry.npm.taobao.org/debug/download/debug-2.6.9.tgz",
        "depd": "https://registry.npm.taobao.org/depd/download/depd-1.1.2.tgz",
        "destroy": "https://registry.npm.taobao.org/destroy/download/destroy-1.0.4.tgz",
        "encodeurl": "https://registry.npm.taobao.org/encodeurl/download/encodeurl-1.0.2.tgz",
        "escape-html": "https://registry.npm.taobao.org/escape-html/download/escape-html-1.0.3.tgz",
        "etag": "https://registry.npm.taobao.org/etag/download/etag-1.8.1.tgz",
        "fresh": "https://registry.npm.taobao.org/fresh/download/fresh-0.5.2.tgz",
        "http-errors": "https://registry.npm.taobao.org/http-errors/download/http-errors-1.6.3.tgz",
        "mime": "https://registry.npm.taobao.org/mime/download/mime-1.4.1.tgz",
        "ms": "https://registry.npm.taobao.org/ms/download/ms-2.0.0.tgz",
        "on-finished": "https://registry.npm.taobao.org/on-finished/download/on-finished-2.3.0.tgz",
        "range-parser": "https://registry.npm.taobao.org/range-parser/download/range-parser-1.2.0.tgz",
        "statuses": "https://registry.npm.taobao.org/statuses/download/statuses-1.4.0.tgz"
      }
    },
    "serve-static": {
      "version": "https://registry.npm.taobao.org/serve-static/download/serve-static-1.13.2.tgz",
      "integrity": "sha1-CV6Ecv1bRiN9tQzkhqQ/S4bGzsE=",
      "requires": {
        "encodeurl": "https://registry.npm.taobao.org/encodeurl/download/encodeurl-1.0.2.tgz",
        "escape-html": "https://registry.npm.taobao.org/escape-html/download/escape-html-1.0.3.tgz",
        "parseurl": "https://registry.npm.taobao.org/parseurl/download/parseurl-1.3.2.tgz",
        "send": "https://registry.npm.taobao.org/send/download/send-0.16.2.tgz"
      }
    },
    "setprototypeof": {
      "version": "https://registry.npm.taobao.org/setprototypeof/download/setprototypeof-1.1.0.tgz",
      "integrity": "sha1-0L2FU2iHtv58DYGMuWLZ2RxU5lY="
    },
    "sorted-array-functions": {
      "version": "https://registry.npm.taobao.org/sorted-array-functions/download/sorted-array-functions-1.2.0.tgz",
      "integrity": "sha1-QyZbIdbphbffMWIbHBHMaNjvx8M="
    },
    "sqlstring": {
      "version": "https://registry.npm.taobao.org/sqlstring/download/sqlstring-2.3.1.tgz",
      "integrity": "sha1-R1OT/56RR5rqYtyvDKPRSYOn+0A="
    },
    "statuses": {
      "version": "https://registry.npm.taobao.org/statuses/download/statuses-1.4.0.tgz",
      "integrity": "sha1-u3PURtonlhBu/MG2AaJT1sRr0Ic="
    },
    "string_decoder": {
      "version": "https://registry.npm.taobao.org/string_decoder/download/string_decoder-0.10.31.tgz",
      "integrity": "sha1-YuIDvEF2bGwoyfyEMB2rHFMQ+pQ="
    },
    "superagent": {
      "version": "https://registry.npm.taobao.org/superagent/download/superagent-0.20.0.tgz",
      "integrity": "sha1-hZNVeAavf7ZTAbtqCGJtl+vhqdM=",
      "requires": {
        "component-emitter": "https://registry.npm.taobao.org/component-emitter/download/component-emitter-1.1.2.tgz",
        "cookiejar": "https://registry.npm.taobao.org/cookiejar/download/cookiejar-2.0.1.tgz",
        "debug": "https://registry.npm.taobao.org/debug/download/debug-2.0.0.tgz",
        "extend": "https://registry.npm.taobao.org/extend/download/extend-1.2.1.tgz",
        "form-data": "https://registry.npm.taobao.org/form-data/download/form-data-0.1.3.tgz",
        "formidable": "https://registry.npm.taobao.org/formidable/download/formidable-1.0.14.tgz",
        "methods": "https://registry.npm.taobao.org/methods/download/methods-1.0.1.tgz",
        "mime": "https://registry.npm.taobao.org/mime/download/mime-1.2.11.tgz",
        "qs": "https://registry.npm.taobao.org/qs/download/qs-1.2.0.tgz",
        "readable-stream": "https://registry.npm.taobao.org/readable-stream/download/readable-stream-1.0.27-1.tgz",
        "reduce-component": "https://registry.npm.taobao.org/reduce-component/download/reduce-component-1.0.1.tgz"
      },
      "dependencies": {
        "debug": {
          "version": "https://registry.npm.taobao.org/debug/download/debug-2.0.0.tgz",
          "integrity": "sha1-ib2d9nMrUSVrxnBTQrugLtEhMe8=",
          "requires": {
            "ms": "https://registry.npm.taobao.org/ms/download/ms-0.6.2.tgz"
          }
        },
        "methods": {
          "version": "https://registry.npm.taobao.org/methods/download/methods-1.0.1.tgz",
          "integrity": "sha1-dbyRlD3/19oDfPPusO1zoAN80Us="
        },
        "mime": {
          "version": "https://registry.npm.taobao.org/mime/download/mime-1.2.11.tgz",
          "integrity": "sha1-WCA+7Ybjpe8XrtK32evUfwpg3RA="
        },
        "ms": {
          "version": "https://registry.npm.taobao.org/ms/download/ms-0.6.2.tgz",
          "integrity": "sha1-2JwhJMb9wTU9Zai3e/GqxLGTcIw="
        },
        "qs": {
          "version": "https://registry.npm.taobao.org/qs/download/qs-1.2.0.tgz",
          "integrity": "sha1-7Qeb4oaCFH5v2aNMwrDB4OxkU+4="
        },
        "readable-stream": {
          "version": "https://registry.npm.taobao.org/readable-stream/download/readable-stream-1.0.27-1.tgz",
          "integrity": "sha1-a2eYPCA1fO/QfwFlABoW1xDZEHg=",
          "requires": {
            "core-util-is": "https://registry.npm.taobao.org/core-util-is/download/core-util-is-1.0.2.tgz",
            "inherits": "https://registry.npm.taobao.org/inherits/download/inherits-2.0.3.tgz",
            "isarray": "https://registry.npm.taobao.org/isarray/download/isarray-0.0.1.tgz",
            "string_decoder": "https://registry.npm.taobao.org/string_decoder/download/string_decoder-0.10.31.tgz"
          }
        }
      }
    },
    "superagent-charset": {
      "version": "https://registry.npm.taobao.org/superagent-charset/download/superagent-charset-1.2.0.tgz",
      "integrity": "sha1-nuulqSdfbxzT1rE4YflEY/PDo0g=",
      "requires": {
        "iconv-lite": "https://registry.npm.taobao.org/iconv-lite/download/iconv-lite-0.4.19.tgz"
      }
    },
    "type-is": {
      "version": "https://registry.npm.taobao.org/type-is/download/type-is-1.6.16.tgz",
      "integrity": "sha1-+JzjQVQcZysl7nrjxz3uOyvlAZQ=",
      "requires": {
        "media-typer": "https://registry.npm.taobao.org/media-typer/download/media-typer-0.3.0.tgz",
        "mime-types": "https://registry.npm.taobao.org/mime-types/download/mime-types-2.1.19.tgz"
      }
    },
    "underscore": {
      "version": "https://registry.npm.taobao.org/underscore/download/underscore-1.9.1.tgz",
      "integrity": "sha1-BtzjSg5op7q8KbNluOdLiSUgOWE="
    },
    "unpipe": {
      "version": "https://registry.npm.taobao.org/unpipe/download/unpipe-1.0.0.tgz",
      "integrity": "sha1-sr9O6FFKrmFltIF4KdIbLvSZBOw="
    },
    "util-deprecate": {
      "version": "https://registry.npm.taobao.org/util-deprecate/download/util-deprecate-1.0.2.tgz",
      "integrity": "sha1-RQ1Nyfpw3nMnYvvS1KKJgUGaDM8="
    },
    "utils-merge": {
      "version": "https://registry.npm.taobao.org/utils-merge/download/utils-merge-1.0.1.tgz",
      "integrity": "sha1-n5VxD1CiZ5R7LMwSR0HBAoQn5xM="
    },
    "vary": {
      "version": "https://registry.npm.taobao.org/vary/download/vary-1.1.2.tgz",
      "integrity": "sha1-IpnwLG3tMNSllhsLn3RSShj2NPw="
    }
  }
}
