{
	"code":200,
	"data":[
		{
			"children":[
		{
			"children":[
		{
			"children":[
		{
			"children":[],
			"headimgurl":"",
			"level":3,
			"name":"乐比悠悠",
			"parent_id":"4524",
			"read_num":1,
			"share_num":0,
			"symbol":"http://thirdwx.qlogo.cn/mmopen/vi_32/Q0j4TwGTfTKqyCcvTghZS9Zzkrx75jYZRXhrCvtgr3iaTrEWGlJk2hCQer9JyicbqLJ52vLP6S5LPpAEaBWsvPHw/132",
			"value":"4523"
		},
		{
			"children":[],
			"headimgurl":"",
			"level":3,
			"name":"氵寿 Sir",
			"parent_id":"4524",
			"read_num":1,
			"share_num":0,
			"symbol":"http://thirdwx.qlogo.cn/mmopen/vi_32/Q0j4TwGTfTJ4qcLdD8gR0hklMzMz7BtkNpViawHY89f0VAe6sbyfVpmxbTgqVzFp7HmjrEclEyYBAEbnb2Mc4Zw/132",
			"value":"4525"
		},
		{
			"children":[],
			"headimgurl":"",
			"level":3,
			"name":"高阳",
			"parent_id":"4524",
			"read_num":1,
			"share_num":0,
			"symbol":"",
			"value":"4526"
		},
		{
			"children":[],
			"headimgurl":"",
			"level":3,
			"name":"拾忆",
			"parent_id":"4524",
			"read_num":1,
			"share_num":0,
			"symbol":"http://thirdwx.qlogo.cn/mmopen/vi_32/Q0j4TwGTfTLcAhSncia8rt9WWHiclviapuHxvG6b0uWFicYtgJPKmdIPtgEdFBbbdSJibuibiapJXXykFl197F6YibbL4Q/132",
			"value":"4527"
		},
		{
			"children":[],
			"headimgurl":"",
			"level":3,
			"name":"乐比悠悠",
			"parent_id":"4524",
			"read_num":1,
			"share_num":0,
			"symbol":"http://thirdwx.qlogo.cn/mmopen/vi_32/Q0j4TwGTfTKqyCcvTghZS9Zzkrx75jYZRXhrCvtgr3iaTrEWGlJk2hCQer9JyicbqLJ52vLP6S5LPpAEaBWsvPHw/132",
			"value":"30172"
		},
		{
			"children":[],
			"headimgurl":"",
			"level":3,
			"name":"氵寿 Sir",
			"parent_id":"4524",
			"read_num":1,
			"share_num":0,
			"symbol":"http://thirdwx.qlogo.cn/mmopen/vi_32/Q0j4TwGTfTJ4qcLdD8gR0hklMzMz7BtkNpViawHY89f0VAe6sbyfVpmxbTgqVzFp7HmjrEclEyYBAEbnb2Mc4Zw/132",
			"value":"30174"
		},
		{
			"children":[],
			"headimgurl":"",
			"level":3,
			"name":"高阳",
			"parent_id":"4524",
			"read_num":1,
			"share_num":0,
			"symbol":"",
			"value":"30175"
		},
		{
			"children":[],
			"headimgurl":"",
			"level":3,
			"name":"拾忆",
			"parent_id":"4524",
			"read_num":1,
			"share_num":0,
			"symbol":"http://thirdwx.qlogo.cn/mmopen/vi_32/Q0j4TwGTfTLcAhSncia8rt9WWHiclviapuHxvG6b0uWFicYtgJPKmdIPtgEdFBbbdSJibuibiapJXXykFl197F6YibbL4Q/132",
			"value":"30176"
		},
		{
			"children":[],
			"headimgurl":"",
			"level":3,
			"name":"乐比悠悠",
			"parent_id":"4524",
			"read_num":1,
			"share_num":0,
			"symbol":"http://thirdwx.qlogo.cn/mmopen/vi_32/Q0j4TwGTfTKqyCcvTghZS9Zzkrx75jYZRXhrCvtgr3iaTrEWGlJk2hCQer9JyicbqLJ52vLP6S5LPpAEaBWsvPHw/132",
			"value":"30179"
		},
		{
			"children":[],
			"headimgurl":"",
			"level":3,
			"name":"氵寿 Sir",
			"parent_id":"4524",
			"read_num":1,
			"share_num":0,
			"symbol":"http://thirdwx.qlogo.cn/mmopen/vi_32/Q0j4TwGTfTJ4qcLdD8gR0hklMzMz7BtkNpViawHY89f0VAe6sbyfVpmxbTgqVzFp7HmjrEclEyYBAEbnb2Mc4Zw/132",
			"value":"30181"
		},
		{
			"children":[],
			"headimgurl":"",
			"level":3,
			"name":"高阳",
			"parent_id":"4524",
			"read_num":1,
			"share_num":0,
			"symbol":"",
			"value":"30182"
		},
		{
			"children":[],
			"headimgurl":"",
			"level":3,
			"name":"拾忆",
			"parent_id":"4524",
			"read_num":1,
			"share_num":0,
			"symbol":"http://thirdwx.qlogo.cn/mmopen/vi_32/Q0j4TwGTfTLcAhSncia8rt9WWHiclviapuHxvG6b0uWFicYtgJPKmdIPtgEdFBbbdSJibuibiapJXXykFl197F6YibbL4Q/132",
			"value":"30183"
		},
		{
			"children":[],
			"headimgurl":"",
			"level":3,
			"name":"乐比悠悠",
			"parent_id":"4524",
			"read_num":1,
			"share_num":0,
			"symbol":"http://thirdwx.qlogo.cn/mmopen/vi_32/Q0j4TwGTfTKqyCcvTghZS9Zzkrx75jYZRXhrCvtgr3iaTrEWGlJk2hCQer9JyicbqLJ52vLP6S5LPpAEaBWsvPHw/132",
			"value":"30185"
		},
		{
			"children":[],
			"headimgurl":"",
			"level":3,
			"name":"氵寿 Sir",
			"parent_id":"4524",
			"read_num":1,
			"share_num":0,
			"symbol":"http://thirdwx.qlogo.cn/mmopen/vi_32/Q0j4TwGTfTJ4qcLdD8gR0hklMzMz7BtkNpViawHY89f0VAe6sbyfVpmxbTgqVzFp7HmjrEclEyYBAEbnb2Mc4Zw/132",
			"value":"30187"
		},
		{
			"children":[],
			"headimgurl":"",
			"level":3,
			"name":"高阳",
			"parent_id":"4524",
			"read_num":1,
			"share_num":0,
			"symbol":"",
			"value":"30188"
		},
		{
			"children":[],
			"headimgurl":"",
			"level":3,
			"name":"拾忆",
			"parent_id":"4524",
			"read_num":1,
			"share_num":0,
			"symbol":"http://thirdwx.qlogo.cn/mmopen/vi_32/Q0j4TwGTfTLcAhSncia8rt9WWHiclviapuHxvG6b0uWFicYtgJPKmdIPtgEdFBbbdSJibuibiapJXXykFl197F6YibbL4Q/132",
			"value":"30189"
		}
	],
			"headimgurl":"",
			"level":2,
			"name":"00",
			"parent_id":"4521",
			"read_num":2,
			"share_num":4,
			"symbol":"http://thirdwx.qlogo.cn/mmopen/vi_32/PiajxSqBRaELHBolEwibicWaamfy3fjibGESWxl3eKmxxxb5XFtER5XQdqgtjLe7IxzyUG26zmicsn3ScQibtOym5iaqQ/132",
			"value":"4524"
		},
		{
			"children":[],
			"headimgurl":"",
			"level":2,
			"name":"00",
			"parent_id":"4521",
			"read_num":2,
			"share_num":4,
			"symbol":"http://thirdwx.qlogo.cn/mmopen/vi_32/PiajxSqBRaELHBolEwibicWaamfy3fjibGESWxl3eKmxxxb5XFtER5XQdqgtjLe7IxzyUG26zmicsn3ScQibtOym5iaqQ/132",
			"value":"30173"
		},
		{
			"children":[],
			"headimgurl":"",
			"level":2,
			"name":"00",
			"parent_id":"4521",
			"read_num":2,
			"share_num":4,
			"symbol":"http://thirdwx.qlogo.cn/mmopen/vi_32/PiajxSqBRaELHBolEwibicWaamfy3fjibGESWxl3eKmxxxb5XFtER5XQdqgtjLe7IxzyUG26zmicsn3ScQibtOym5iaqQ/132",
			"value":"30180"
		},
		{
			"children":[],
			"headimgurl":"",
			"level":2,
			"name":"00",
			"parent_id":"4521",
			"read_num":2,
			"share_num":4,
			"symbol":"http://thirdwx.qlogo.cn/mmopen/vi_32/PiajxSqBRaELHBolEwibicWaamfy3fjibGESWxl3eKmxxxb5XFtER5XQdqgtjLe7IxzyUG26zmicsn3ScQibtOym5iaqQ/132",
			"value":"30186"
		}
	],
			"headimgurl":"",
			"level":1,
			"name":"00",
			"parent_id":"0",
			"read_num":1,
			"share_num":4,
			"symbol":"http://thirdwx.qlogo.cn/mmopen/vi_32/PiajxSqBRaELHBolEwibicWaamfy3fjibGESWxl3eKmxxxb5XFtER5XQdqgtjLe7IxzyUG26zmicsn3ScQibtOym5iaqQ/132",
			"value":"4521"
		},
		{
			"children":[],
			"headimgurl":"",
			"level":1,
			"name":"00",
			"parent_id":"0",
			"read_num":1,
			"share_num":4,
			"symbol":"http://thirdwx.qlogo.cn/mmopen/vi_32/PiajxSqBRaELHBolEwibicWaamfy3fjibGESWxl3eKmxxxb5XFtER5XQdqgtjLe7IxzyUG26zmicsn3ScQibtOym5iaqQ/132",
			"value":"30171"
		},
		{
			"children":[],
			"headimgurl":"",
			"level":1,
			"name":"00",
			"parent_id":"0",
			"read_num":1,
			"share_num":4,
			"symbol":"http://thirdwx.qlogo.cn/mmopen/vi_32/PiajxSqBRaELHBolEwibicWaamfy3fjibGESWxl3eKmxxxb5XFtER5XQdqgtjLe7IxzyUG26zmicsn3ScQibtOym5iaqQ/132",
			"value":"30178"
		},
		{
			"children":[],
			"headimgurl":"",
			"level":1,
			"name":"00",
			"parent_id":"0",
			"read_num":1,
			"share_num":4,
			"symbol":"http://thirdwx.qlogo.cn/mmopen/vi_32/PiajxSqBRaELHBolEwibicWaamfy3fjibGESWxl3eKmxxxb5XFtER5XQdqgtjLe7IxzyUG26zmicsn3ScQibtOym5iaqQ/132",
			"value":"30184"
		}
	],
			"headimgurl":"http://thirdwx.qlogo.cn/mmopen/vi_32/PiajxSqBRaELHBolEwibicWaamfy3fjibGESWxl3eKmxxxb5XFtER5XQdqgtjLe7IxzyUG26zmicsn3ScQibtOym5iaqQ/132",
			"name":"00",
			"parent_id":"",
			"symbol":"http://thirdwx.qlogo.cn/mmopen/vi_32/PiajxSqBRaELHBolEwibicWaamfy3fjibGESWxl3eKmxxxb5XFtER5XQdqgtjLe7IxzyUG26zmicsn3ScQibtOym5iaqQ/132",
			"value":"0"
		}
	],
	"msg":"success.200",
	"url":""
}